
Microsoft Visual Studio Solution File, Format Version 12.00
# Visual Studio Version 17
VisualStudioVersion = 17.6.33815.320
MinimumVisualStudioVersion = 10.0.40219.1
Project("{FAE04EC0-301F-11D3-BF4B-00C04F79EFBC}") = "HexBOT", "HexBOT\HexBOT.csproj", "{871563DB-F10F-4CB0-A375-4B4F1383E6AF}"
EndProject
Global
	GlobalSection(SolutionConfigurationPlatforms) = preSolution
		Debug|Any CPU = Debug|Any CPU
		Release|Any CPU = Release|Any CPU
	EndGlobalSection
	GlobalSection(ProjectConfigurationPlatforms) = postSolution
		{871563DB-F10F-4CB0-A375-4B4F1383E6AF}.Debug|Any CPU.ActiveCfg = Debug|Any CPU
		{871563DB-F10F-4CB0-A375-4B4F1383E6AF}.Debug|Any CPU.Build.0 = Debug|Any CPU
		{871563DB-F10F-4CB0-A375-4B4F1383E6AF}.Release|Any CPU.ActiveCfg = Release|Any CPU
		{871563DB-F10F-4CB0-A375-4B4F1383E6AF}.Release|Any CPU.Build.0 = Release|Any CPU
	EndGlobalSection
	GlobalSection(SolutionProperties) = preSolution
		HideSolutionNode = FALSE
	EndGlobalSection
	GlobalSection(ExtensibilityGlobals) = postSolution
		SolutionGuid = {CB516B01-C8E6-4457-9E61-28D61324A273}
	EndGlobalSection
EndGlobal
